
Microsoft Visual Studio Solution File, Format Version 12.00
# Visual Studio Version 17
VisualStudioVersion = 17.9.34728.123
MinimumVisualStudioVersion = 10.0.40219.1
Project("{FAE04EC0-301F-11D3-BF4B-00C04F79EFBC}") = "Otus.DelegetesEventsTask.Console", "Otus.DelegetesEventsTask.Console\Otus.DelegetesEventsTask.Console.csproj", "{2BD96DBE-566F-443F-81CA-8035AD65B53B}"
EndProject
Global
	GlobalSection(SolutionConfigurationPlatforms) = preSolution
		Debug|Any CPU = Debug|Any CPU
		Release|Any CPU = Release|Any CPU
	EndGlobalSection
	GlobalSection(ProjectConfigurationPlatforms) = postSolution
		{2BD96DBE-566F-443F-81CA-8035AD65B53B}.Debug|Any CPU.ActiveCfg = Debug|Any CPU
		{2BD96DBE-566F-443F-81CA-8035AD65B53B}.Debug|Any CPU.Build.0 = Debug|Any CPU
		{2BD96DBE-566F-443F-81CA-8035AD65B53B}.Release|Any CPU.ActiveCfg = Release|Any CPU
		{2BD96DBE-566F-443F-81CA-8035AD65B53B}.Release|Any CPU.Build.0 = Release|Any CPU
	EndGlobalSection
	GlobalSection(SolutionProperties) = preSolution
		HideSolutionNode = FALSE
	EndGlobalSection
	GlobalSection(ExtensibilityGlobals) = postSolution
		SolutionGuid = {0348B96A-4F94-4964-966B-D6B1CDA14B9D}
	EndGlobalSection
EndGlobal
